dependencies:
- name: neon-storage-broker
  repository: file://../neon-storage-broker
  version: 1.4.0
- name: neon-storage-controller
  repository: file://../neon-storage-controller
  version: 1.19.0
- name: neon-pageserver
  repository: file://../neon-pageserver
  version: 0.1.0
- name: neon-safekeeper
  repository: file://../neon-safekeeper
  version: 0.1.0
- name: neon-control-plane
  repository: file://../neon-control-plane
  version: 0.1.0
- name: local-path-provisioner
  repository: file://../local-path-provisioner
  version: 0.1.0
digest: sha256:e131dc3de2328c2556c1acc9836fd6ee76047df88b0a7b340d3289bb1c41744f
generated: "2026-09-08T20:05:37.962066519+08:00"
