dependencies:
- name: neon-storage-broker
  repository: https://neondatabase.github.io/helm-charts
  version: 1.4.0
- name: neon-storage-controller
  repository: https://neondatabase.github.io/helm-charts
  version: 1.19.0
- name: neon-dummy-cp
  repository: file://../neon-dummy-cp
  version: 0.1.0
- name: neon-pageserver
  repository: file://../neon-pageserver
  version: 0.1.0
- name: neon-safekeeper
  repository: file://../neon-safekeeper
  version: 0.1.0
- name: neon-init-job
  repository: file://../neon-init-job
  version: 0.1.0
- name: neon-storage-scrubber
  repository: https://neondatabase.github.io/helm-charts
  version: 1.4.0
- name: neon-compute
  repository: file://../neon-compute
  version: 0.1.0
digest: sha256:d51f17a8ab710886d22b9abbccc870af71c49d7b84315298986d28b153d6ed41
generated: "2026-07-08T14:40:50.19516749+08:00"
