dependencies:
- name: neon-storage-broker
  repository: file://../neon-storage-broker
  version: 1.4.0
- name: neon-storage-controller
  repository: file://../neon-storage-controller
  version: 1.19.0
- name: neon-dummy-cp
  repository: file://../neon-dummy-cp
  version: 0.1.0
- name: neon-pageserver
  repository: file://../neon-pageserver
  version: 0.1.0
- name: neon-safekeeper
  repository: file://../neon-safekeeper
  version: 0.1.0
- name: neon-init-job
  repository: file://../neon-init-job
  version: 0.1.0
- name: neon-storage-scrubber
  repository: file://../neon-storage-scrubber
  version: 1.4.0
- name: neon-compute
  repository: file://../neon-compute
  version: 0.1.0
digest: sha256:5d896e51495efecc6ae5061495bfee2daadec3806eabf46f157c4bf159fbb0e7
generated: "2026-07-08T15:34:27.476867969+08:00"
